<?xml version="1.0" encoding="utf-8"?>
<Project ToolsVersion="4.0" xmlns="http://schemas.microsoft.com/developer/msbuild/2003">
  <ItemGroup>
    <ClCompile Include="AbstractElement.cpp">
      <Filter>Source Files</Filter>
    </ClCompile>
    <ClCompile Include="AbstractMesh.cpp">
      <Filter>Source Files</Filter>
    </ClCompile>
    <ClCompile Include="user.cpp">
      <Filter>Source Files</Filter>
    </ClCompile>
    <ClCompile Include="AbstractNode.cpp">
      <Filter>Source Files</Filter>
    </ClCompile>
  </ItemGroup>
  <ItemGroup>
    <ClInclude Include="AbstractElement.hpp">
      <Filter>Header Files</Filter>
    </ClInclude>
    <ClInclude Include="AbstractMesh.hpp">
      <Filter>Header Files</Filter>
    </ClInclude>
    <ClInclude Include="Function.hpp">
      <Filter>Header Files</Filter>
    </ClInclude>
    <ClInclude Include="LinearEllipticPDE.hpp">
      <Filter>Header Files</Filter>
    </ClInclude>
    <ClInclude Include="Point.hpp">
      <Filter>Header Files</Filter>
    </ClInclude>
    <ClInclude Include="..\Matrices’ Routine\SymmetricContainer.hpp">
      <Filter>Header Files</Filter>
    </ClInclude>
    <ClInclude Include="AbstractNode.hpp">
      <Filter>Header Files</Filter>
    </ClInclude>
  </ItemGroup>
  <ItemGroup>
    <Filter Include="Header Files">
      <UniqueIdentifier>{a2997e76-f5b7-4133-9917-db50de5cf8a6}</UniqueIdentifier>
    </Filter>
    <Filter Include="Resource Files">
      <UniqueIdentifier>{744a794b-2cd8-4e9a-85d2-177ed45c86df}</UniqueIdentifier>
    </Filter>
    <Filter Include="Source Files">
      <UniqueIdentifier>{8fc389b6-8146-4295-8655-4921342f0cba}</UniqueIdentifier>
    </Filter>
  </ItemGroup>
</Project>