<?xml version="1.0" encoding="utf-8"?>
<Project ToolsVersion="4.0" xmlns="http://schemas.microsoft.com/developer/msbuild/2003">
  <ItemGroup>
    <Filter Include="Matrices">
      <UniqueIdentifier>{46199121-7262-47ac-a95e-c425709f8aed}</UniqueIdentifier>
    </Filter>
    <Filter Include="PDEs">
      <UniqueIdentifier>{0c4c01e3-9fc7-49ea-a1cf-661e25d54d2b}</UniqueIdentifier>
    </Filter>
    <Filter Include="Matrices\Implementations">
      <UniqueIdentifier>{adc63939-1a0a-4520-9f27-f2ae39b1edb4}</UniqueIdentifier>
    </Filter>
    <Filter Include="Utilities">
      <UniqueIdentifier>{817dbbc9-4738-4524-8c28-f43a2b3bf409}</UniqueIdentifier>
    </Filter>
    <Filter Include="Meshes">
      <UniqueIdentifier>{6ed50528-e528-4884-abd6-31c918082dc4}</UniqueIdentifier>
    </Filter>
    <Filter Include="Meshes\Triangulation">
      <UniqueIdentifier>{c17f61b4-efe3-4565-b502-81b20402b00b}</UniqueIdentifier>
    </Filter>
    <Filter Include="Meshes\Rectangular Mesh">
      <UniqueIdentifier>{ebc49e94-b00d-4098-ad87-1a355918334c}</UniqueIdentifier>
    </Filter>
    <Filter Include="PDEs\Temp">
      <UniqueIdentifier>{a940014a-a2b4-4110-9297-76628d6918e5}</UniqueIdentifier>
    </Filter>
    <Filter Include="Common">
      <UniqueIdentifier>{cca77161-f3a4-44a8-8c8d-13e3de612ab0}</UniqueIdentifier>
    </Filter>
    <Filter Include="Solvers">
      <UniqueIdentifier>{63e63e73-f140-4fd0-b55d-cfdf8770fa3a}</UniqueIdentifier>
    </Filter>
  </ItemGroup>
  <ItemGroup>
    <ClInclude Include="AbstractSparseMatrix.hpp">
      <Filter>Matrices</Filter>
    </ClInclude>
    <ClInclude Include="AbstractSquareMatrix.hpp">
      <Filter>Matrices</Filter>
    </ClInclude>
    <ClInclude Include="IRealMatrix.hpp">
      <Filter>Matrices</Filter>
    </ClInclude>
    <ClInclude Include="BandMatrix.hpp">
      <Filter>Matrices\Implementations</Filter>
    </ClInclude>
    <ClInclude Include="SymmetricContainer.hpp">
      <Filter>Matrices\Implementations</Filter>
    </ClInclude>
    <ClInclude Include="vector.hpp">
      <Filter>Utilities</Filter>
    </ClInclude>
    <ClInclude Include="DenseMatrix.hpp">
      <Filter>Matrices\Implementations</Filter>
    </ClInclude>
    <ClInclude Include="array.hpp">
      <Filter>Utilities</Filter>
    </ClInclude>
    <ClInclude Include="SymmetricCSlRMatrix.hpp">
      <Filter>Matrices\Implementations</Filter>
    </ClInclude>
    <ClInclude Include="CSRMatrix.hpp">
      <Filter>Matrices\Implementations</Filter>
    </ClInclude>
    <ClInclude Include="Triangle.hpp">
      <Filter>Meshes\Triangulation</Filter>
    </ClInclude>
    <ClInclude Include="Triangulation.hpp">
      <Filter>Meshes\Triangulation</Filter>
    </ClInclude>
    <ClInclude Include="CurvilinearEdge.hpp">
      <Filter>Meshes\Triangulation</Filter>
    </ClInclude>
    <ClInclude Include="Curve.hpp">
      <Filter>Meshes\Triangulation</Filter>
    </ClInclude>
    <ClInclude Include="DiffusionReactionEqn.hpp">
      <Filter>PDEs</Filter>
    </ClInclude>
    <ClInclude Include="BoundaryConditions.hpp">
      <Filter>PDEs</Filter>
    </ClInclude>
    <ClInclude Include="RectangularFDMMesh.hpp">
      <Filter>Meshes\Rectangular Mesh</Filter>
    </ClInclude>
    <ClInclude Include="AbstractElement.hpp">
      <Filter>PDEs\Temp</Filter>
    </ClInclude>
    <ClInclude Include="AbstractMesh.hpp">
      <Filter>PDEs\Temp</Filter>
    </ClInclude>
    <ClInclude Include="AbstractNode.hpp">
      <Filter>PDEs\Temp</Filter>
    </ClInclude>
    <ClInclude Include="AbstractPDE.hpp">
      <Filter>PDEs\Temp</Filter>
    </ClInclude>
    <ClInclude Include="Point.hpp">
      <Filter>PDEs\Temp</Filter>
    </ClInclude>
    <ClInclude Include="Node.hpp">
      <Filter>Common</Filter>
    </ClInclude>
    <ClInclude Include="Function.hpp">
      <Filter>Common</Filter>
    </ClInclude>
    <ClInclude Include="AdjacencyList.hpp">
      <Filter>Common</Filter>
    </ClInclude>
    <ClInclude Include="HyperbolicPDE.hpp">
      <Filter>PDEs</Filter>
    </ClInclude>
    <ClInclude Include="FEM.hpp">
      <Filter>Solvers</Filter>
    </ClInclude>
    <ClInclude Include="LinearEllipticPDE.hpp">
      <Filter>PDEs\Temp</Filter>
    </ClInclude>
    <ClInclude Include="TimeFrames.hpp">
      <Filter>PDEs</Filter>
    </ClInclude>
    <ClInclude Include="Predicate.hpp">
      <Filter>Common</Filter>
    </ClInclude>
    <ClInclude Include="Function_t.hpp">
      <Filter>Common</Filter>
    </ClInclude>
    <ClInclude Include="InitialConditions.hpp">
      <Filter>PDEs</Filter>
    </ClInclude>
    <ClInclude Include="BoundaryConditions_t.hpp">
      <Filter>PDEs</Filter>
    </ClInclude>
    <ClInclude Include="FEM_t.hpp">
      <Filter>Solvers</Filter>
    </ClInclude>
    <ClInclude Include="krylov.hpp">
      <Filter>Solvers</Filter>
	</ClInclude>
    <ClInclude Include="CSlRMatrix.hpp">
      <Filter>Matrices\Implementations</Filter>
    </ClInclude>
  </ItemGroup>
  <ItemGroup>
    <ClCompile Include="BandMatrix.cpp">
      <Filter>Matrices\Implementations</Filter>
    </ClCompile>
    <ClCompile Include="DenseMatrix.cpp">
      <Filter>Matrices\Implementations</Filter>
    </ClCompile>
    <ClCompile Include="SymmetricCSlRMatrix.cpp">
      <Filter>Matrices\Implementations</Filter>
    </ClCompile>
    <ClCompile Include="CSRMatrix.cpp">
      <Filter>Matrices\Implementations</Filter>
    </ClCompile>
    <ClCompile Include="Triangulation.cpp">
      <Filter>Meshes\Triangulation</Filter>
    </ClCompile>
    <ClCompile Include="RectangularFDMMesh.cpp">
      <Filter>Meshes\Rectangular Mesh</Filter>
    </ClCompile>
    <ClCompile Include="AbstractElement.cpp">
      <Filter>PDEs\Temp</Filter>
    </ClCompile>
    <ClCompile Include="AbstractMesh.cpp">
      <Filter>PDEs\Temp</Filter>
    </ClCompile>
    <ClCompile Include="AbstractNode.cpp">
      <Filter>PDEs\Temp</Filter>
    </ClCompile>
    <ClCompile Include="FEM.cpp">
      <Filter>Solvers</Filter>
    </ClCompile>
    <ClCompile Include="FEM_t.cpp">
      <Filter>Solvers</Filter>
	</ClCompile>
    <ClCompile Include="CSlRMatrix.cpp">
      <Filter>Matrices\Implementations</Filter>
    </ClCompile>
  </ItemGroup>
</Project>