
Microsoft Visual Studio Solution File, Format Version 12.00
# Visual Studio 14
VisualStudioVersion = 14.0.23107.0
MinimumVisualStudioVersion = 10.0.40219.1
Project("{8BC9CEB8-8B4A-11D0-8D11-00A0C91BC942}") = "Tools", "Tools\Tools.vcxproj", "{2CFED6A2-985D-436E-9E3F-D14E7BC838C6}"
EndProject
Project("{8BC9CEB8-8B4A-11D0-8D11-00A0C91BC942}") = "Usage of Matricies", "Usage of Matricies\Usage of Matricies.vcxproj", "{6F91DD91-2987-4AF2-8F8E-92238BC28603}"
EndProject
Project("{8BC9CEB8-8B4A-11D0-8D11-00A0C91BC942}") = "FEM for Steady–State Diffusion–Reaction Robin Problem", "FEM for Steady–State Diffusion–Reaction Robin Problem\FEM for Robin Poisson Problem.vcxproj", "{342EEBFD-762B-4AAE-B73B-AD86CAA5EB3C}"
EndProject
Project("{8BC9CEB8-8B4A-11D0-8D11-00A0C91BC942}") = "FDM for Laplaces Eqation on Rect Domain", "FDM for Laplaces Eqation on Rect Domain\Solving Laplaces Eqn on Rect Domain (FDM).vcxproj", "{126B5082-4D0C-4FC2-8294-766EC8484C39}"
EndProject
Project("{8BC9CEB8-8B4A-11D0-8D11-00A0C91BC942}") = "FEM for Hyperbolic PDE", "FEM for Hyperbolic PDE\FEM for Hyperbolic PDE.vcxproj", "{D25E37AF-1CEE-4C9D-8475-C472DA1CA69C}"
EndProject
Project("{8BC9CEB8-8B4A-11D0-8D11-00A0C91BC942}") = "Wave Interference", "Wave Interference\Wave Interference.vcxproj", "{A9ED0084-F411-4D79-857D-E62DB8455E1B}"
EndProject
Project("{8BC9CEB8-8B4A-11D0-8D11-00A0C91BC942}") = "CATSPDEs Kitty Logo Problem", "CATSPDEs Kitty Logo Problem\CATSPDEs Kitty Logo Problem.vcxproj", "{AD10CA30-BC62-4E9F-8C2D-9FE863E99FD2}"
EndProject
Project("{8BC9CEB8-8B4A-11D0-8D11-00A0C91BC942}") = "FEM for Stokes System", "FEM for Stokes System\FEM for Stokes System.vcxproj", "{A2C59D33-FB4A-4079-BE20-D933AD767D8C}"
EndProject
Project("{8BC9CEB8-8B4A-11D0-8D11-00A0C91BC942}") = "Ribs Numeration for Vector Shape Funcs", "Ribs Numeration for Vector Shape Funcs\Ribs Numeration for Vector Shape Funcs.vcxproj", "{79D7129B-B767-4FFB-8E40-F3FCA9B64F51}"
EndProject
Global
	GlobalSection(SolutionConfigurationPlatforms) = preSolution
		Debug|x64 = Debug|x64
		Debug|x86 = Debug|x86
		Release|x64 = Release|x64
		Release|x86 = Release|x86
	EndGlobalSection
	GlobalSection(ProjectConfigurationPlatforms) = postSolution
		{2CFED6A2-985D-436E-9E3F-D14E7BC838C6}.Debug|x64.ActiveCfg = Debug|x64
		{2CFED6A2-985D-436E-9E3F-D14E7BC838C6}.Debug|x64.Build.0 = Debug|x64
		{2CFED6A2-985D-436E-9E3F-D14E7BC838C6}.Debug|x86.ActiveCfg = Debug|Win32
		{2CFED6A2-985D-436E-9E3F-D14E7BC838C6}.Debug|x86.Build.0 = Debug|Win32
		{2CFED6A2-985D-436E-9E3F-D14E7BC838C6}.Release|x64.ActiveCfg = Release|x64
		{2CFED6A2-985D-436E-9E3F-D14E7BC838C6}.Release|x64.Build.0 = Release|x64
		{2CFED6A2-985D-436E-9E3F-D14E7BC838C6}.Release|x86.ActiveCfg = Release|Win32
		{2CFED6A2-985D-436E-9E3F-D14E7BC838C6}.Release|x86.Build.0 = Release|Win32
		{6F91DD91-2987-4AF2-8F8E-92238BC28603}.Debug|x64.ActiveCfg = Debug|x64
		{6F91DD91-2987-4AF2-8F8E-92238BC28603}.Debug|x64.Build.0 = Debug|x64
		{6F91DD91-2987-4AF2-8F8E-92238BC28603}.Debug|x86.ActiveCfg = Debug|Win32
		{6F91DD91-2987-4AF2-8F8E-92238BC28603}.Debug|x86.Build.0 = Debug|Win32
		{6F91DD91-2987-4AF2-8F8E-92238BC28603}.Release|x64.ActiveCfg = Release|x64
		{6F91DD91-2987-4AF2-8F8E-92238BC28603}.Release|x64.Build.0 = Release|x64
		{6F91DD91-2987-4AF2-8F8E-92238BC28603}.Release|x86.ActiveCfg = Release|Win32
		{6F91DD91-2987-4AF2-8F8E-92238BC28603}.Release|x86.Build.0 = Release|Win32
		{342EEBFD-762B-4AAE-B73B-AD86CAA5EB3C}.Debug|x64.ActiveCfg = Debug|x64
		{342EEBFD-762B-4AAE-B73B-AD86CAA5EB3C}.Debug|x64.Build.0 = Debug|x64
		{342EEBFD-762B-4AAE-B73B-AD86CAA5EB3C}.Debug|x86.ActiveCfg = Debug|Win32
		{342EEBFD-762B-4AAE-B73B-AD86CAA5EB3C}.Debug|x86.Build.0 = Debug|Win32
		{342EEBFD-762B-4AAE-B73B-AD86CAA5EB3C}.Release|x64.ActiveCfg = Release|x64
		{342EEBFD-762B-4AAE-B73B-AD86CAA5EB3C}.Release|x64.Build.0 = Release|x64
		{342EEBFD-762B-4AAE-B73B-AD86CAA5EB3C}.Release|x86.ActiveCfg = Release|Win32
		{342EEBFD-762B-4AAE-B73B-AD86CAA5EB3C}.Release|x86.Build.0 = Release|Win32
		{126B5082-4D0C-4FC2-8294-766EC8484C39}.Debug|x64.ActiveCfg = Debug|x64
		{126B5082-4D0C-4FC2-8294-766EC8484C39}.Debug|x64.Build.0 = Debug|x64
		{126B5082-4D0C-4FC2-8294-766EC8484C39}.Debug|x86.ActiveCfg = Debug|Win32
		{126B5082-4D0C-4FC2-8294-766EC8484C39}.Debug|x86.Build.0 = Debug|Win32
		{126B5082-4D0C-4FC2-8294-766EC8484C39}.Release|x64.ActiveCfg = Release|x64
		{126B5082-4D0C-4FC2-8294-766EC8484C39}.Release|x64.Build.0 = Release|x64
		{126B5082-4D0C-4FC2-8294-766EC8484C39}.Release|x86.ActiveCfg = Release|Win32
		{126B5082-4D0C-4FC2-8294-766EC8484C39}.Release|x86.Build.0 = Release|Win32
		{D25E37AF-1CEE-4C9D-8475-C472DA1CA69C}.Debug|x64.ActiveCfg = Debug|x64
		{D25E37AF-1CEE-4C9D-8475-C472DA1CA69C}.Debug|x64.Build.0 = Debug|x64
		{D25E37AF-1CEE-4C9D-8475-C472DA1CA69C}.Debug|x86.ActiveCfg = Debug|Win32
		{D25E37AF-1CEE-4C9D-8475-C472DA1CA69C}.Debug|x86.Build.0 = Debug|Win32
		{D25E37AF-1CEE-4C9D-8475-C472DA1CA69C}.Release|x64.ActiveCfg = Release|x64
		{D25E37AF-1CEE-4C9D-8475-C472DA1CA69C}.Release|x64.Build.0 = Release|x64
		{D25E37AF-1CEE-4C9D-8475-C472DA1CA69C}.Release|x86.ActiveCfg = Release|Win32
		{D25E37AF-1CEE-4C9D-8475-C472DA1CA69C}.Release|x86.Build.0 = Release|Win32
		{A9ED0084-F411-4D79-857D-E62DB8455E1B}.Debug|x64.ActiveCfg = Debug|x64
		{A9ED0084-F411-4D79-857D-E62DB8455E1B}.Debug|x64.Build.0 = Debug|x64
		{A9ED0084-F411-4D79-857D-E62DB8455E1B}.Debug|x86.ActiveCfg = Debug|Win32
		{A9ED0084-F411-4D79-857D-E62DB8455E1B}.Debug|x86.Build.0 = Debug|Win32
		{A9ED0084-F411-4D79-857D-E62DB8455E1B}.Release|x64.ActiveCfg = Release|x64
		{A9ED0084-F411-4D79-857D-E62DB8455E1B}.Release|x64.Build.0 = Release|x64
		{A9ED0084-F411-4D79-857D-E62DB8455E1B}.Release|x86.ActiveCfg = Release|Win32
		{A9ED0084-F411-4D79-857D-E62DB8455E1B}.Release|x86.Build.0 = Release|Win32
		{AD10CA30-BC62-4E9F-8C2D-9FE863E99FD2}.Debug|x64.ActiveCfg = Debug|x64
		{AD10CA30-BC62-4E9F-8C2D-9FE863E99FD2}.Debug|x64.Build.0 = Debug|x64
		{AD10CA30-BC62-4E9F-8C2D-9FE863E99FD2}.Debug|x86.ActiveCfg = Debug|Win32
		{AD10CA30-BC62-4E9F-8C2D-9FE863E99FD2}.Debug|x86.Build.0 = Debug|Win32
		{AD10CA30-BC62-4E9F-8C2D-9FE863E99FD2}.Release|x64.ActiveCfg = Release|x64
		{AD10CA30-BC62-4E9F-8C2D-9FE863E99FD2}.Release|x64.Build.0 = Release|x64
		{AD10CA30-BC62-4E9F-8C2D-9FE863E99FD2}.Release|x86.ActiveCfg = Release|Win32
		{AD10CA30-BC62-4E9F-8C2D-9FE863E99FD2}.Release|x86.Build.0 = Release|Win32
		{A2C59D33-FB4A-4079-BE20-D933AD767D8C}.Debug|x64.ActiveCfg = Debug|x64
		{A2C59D33-FB4A-4079-BE20-D933AD767D8C}.Debug|x64.Build.0 = Debug|x64
		{A2C59D33-FB4A-4079-BE20-D933AD767D8C}.Debug|x86.ActiveCfg = Debug|Win32
		{A2C59D33-FB4A-4079-BE20-D933AD767D8C}.Debug|x86.Build.0 = Debug|Win32
		{A2C59D33-FB4A-4079-BE20-D933AD767D8C}.Release|x64.ActiveCfg = Release|x64
		{A2C59D33-FB4A-4079-BE20-D933AD767D8C}.Release|x64.Build.0 = Release|x64
		{A2C59D33-FB4A-4079-BE20-D933AD767D8C}.Release|x86.ActiveCfg = Release|Win32
		{A2C59D33-FB4A-4079-BE20-D933AD767D8C}.Release|x86.Build.0 = Release|Win32
		{79D7129B-B767-4FFB-8E40-F3FCA9B64F51}.Debug|x64.ActiveCfg = Debug|x64
		{79D7129B-B767-4FFB-8E40-F3FCA9B64F51}.Debug|x64.Build.0 = Debug|x64
		{79D7129B-B767-4FFB-8E40-F3FCA9B64F51}.Debug|x86.ActiveCfg = Debug|Win32
		{79D7129B-B767-4FFB-8E40-F3FCA9B64F51}.Debug|x86.Build.0 = Debug|Win32
		{79D7129B-B767-4FFB-8E40-F3FCA9B64F51}.Release|x64.ActiveCfg = Release|x64
		{79D7129B-B767-4FFB-8E40-F3FCA9B64F51}.Release|x64.Build.0 = Release|x64
		{79D7129B-B767-4FFB-8E40-F3FCA9B64F51}.Release|x86.ActiveCfg = Release|Win32
		{79D7129B-B767-4FFB-8E40-F3FCA9B64F51}.Release|x86.Build.0 = Release|Win32
	EndGlobalSection
	GlobalSection(SolutionProperties) = preSolution
		HideSolutionNode = FALSE
	EndGlobalSection
EndGlobal
